{
    "_readme": [
        "This file locks the dependencies of your project to a known state",
        "Read more about it at https://getcomposer.org/doc/01-basic-usage.md#composer-lock-the-lock-file",
        "This file is @generated automatically"
    ],
    "hash": "fea264d1d2e42b29a86a8908ea7a4bc9",
    "content-hash": "a80a5deed95f461e0cdeebbbc3c6d6b3",
    "packages": [
        {
            "name": "piwik",
            "version": "2.13.1",
            "dist": {
                "type": "zip",
                "url": "http://builds.piwik.org/piwik-2.13.1.zip",
                "reference": null,
                "shasum": null
            },
            "type": "project"
        }
    ],
    "packages-dev": [],
    "aliases": [],
    "minimum-stability": "stable",
    "stability-flags": [],
    "prefer-stable": false,
    "prefer-lowest": false,
    "platform": {
        "php": "~5.6.0",
        "ext-mbstring": "*",
        "ext-gd": "*"
    },
    "platform-dev": []
}
